
Microsoft Visual Studio Solution File, Format Version 11.00
# Visual C++ Express 2010
Project("{8BC9CEB8-8B4A-11D0-8D11-00A0C91BC942}") = "Lost_Fortune", "Lost_Fortune\Lost_Fortune.vcxproj", "{DB06A07C-8FF4-4C46-A4D0-2D9E60E16DC9}"
EndProject
Global
	GlobalSection(SolutionConfigurationPlatforms) = preSolution
		Debug|Win32 = Debug|Win32
		Release|Win32 = Release|Win32
	EndGlobalSection
	GlobalSection(ProjectConfigurationPlatforms) = postSolution
		{DB06A07C-8FF4-4C46-A4D0-2D9E60E16DC9}.Debug|Win32.ActiveCfg = Debug|Win32
		{DB06A07C-8FF4-4C46-A4D0-2D9E60E16DC9}.Debug|Win32.Build.0 = Debug|Win32
		{DB06A07C-8FF4-4C46-A4D0-2D9E60E16DC9}.Release|Win32.ActiveCfg = Release|Win32
		{DB06A07C-8FF4-4C46-A4D0-2D9E60E16DC9}.Release|Win32.Build.0 = Release|Win32
	EndGlobalSection
	GlobalSection(SolutionProperties) = preSolution
		HideSolutionNode = FALSE
	EndGlobalSection
EndGlobal
